
Microsoft Visual Studio Solution File, Format Version 12.00
# Visual Studio 14
VisualStudioVersion = 14.0.25420.1
MinimumVisualStudioVersion = 10.0.40219.1
Project("{FAE04EC0-301F-11D3-BF4B-00C04F79EFBC}") = "SpeedyJson", "SpeedyJson.csproj", "{01869970-92F3-4753-9058-11BF9A9976AF}"
EndProject
Project("{FAE04EC0-301F-11D3-BF4B-00C04F79EFBC}") = "SpeedyJson.Tests", "..\SpeedyJson.Tests\SpeedyJson.Tests.csproj", "{EA3CF831-0BC1-42DD-84A9-CA2DEC7690B1}"
EndProject
Global
	GlobalSection(SolutionConfigurationPlatforms) = preSolution
		Debug|Any CPU = Debug|Any CPU
		Release|Any CPU = Release|Any CPU
	EndGlobalSection
	GlobalSection(ProjectConfigurationPlatforms) = postSolution
		{01869970-92F3-4753-9058-11BF9A9976AF}.Debug|Any CPU.ActiveCfg = Debug|Any CPU
		{01869970-92F3-4753-9058-11BF9A9976AF}.Debug|Any CPU.Build.0 = Debug|Any CPU
		{01869970-92F3-4753-9058-11BF9A9976AF}.Release|Any CPU.ActiveCfg = Release|Any CPU
		{01869970-92F3-4753-9058-11BF9A9976AF}.Release|Any CPU.Build.0 = Release|Any CPU
		{EA3CF831-0BC1-42DD-84A9-CA2DEC7690B1}.Debug|Any CPU.ActiveCfg = Debug|Any CPU
		{EA3CF831-0BC1-42DD-84A9-CA2DEC7690B1}.Debug|Any CPU.Build.0 = Debug|Any CPU
		{EA3CF831-0BC1-42DD-84A9-CA2DEC7690B1}.Release|Any CPU.ActiveCfg = Release|Any CPU
		{EA3CF831-0BC1-42DD-84A9-CA2DEC7690B1}.Release|Any CPU.Build.0 = Release|Any CPU
	EndGlobalSection
	GlobalSection(SolutionProperties) = preSolution
		HideSolutionNode = FALSE
	EndGlobalSection
EndGlobal
